// !$*UTF8*$!
{
	archiveVersion = 1;
	classes = {
	};
	objectVersion = 46;
	objects = {

/* Begin PBXBuildFile section */
		C887EE6D1A80A3AE00E1F454 /* main.m in Sources */ = {isa = PBXBuildFile; fileRef = C887EE6C1A80A3AE00E1F454 /* main.m */; };
		C887EE701A80A3AE00E1F454 /* AppDelegate.m in Sources */ = {isa = PBXBuildFile; fileRef = C887EE6F1A80A3AE00E1F454 /* AppDelegate.m */; };
		C887EE731A80A3AE00E1F454 /* ViewController.m in Sources */ = {isa = PBXBuildFile; fileRef = C887EE721A80A3AE00E1F454 /* ViewController.m */; };
		C887EE761A80A3AE00E1F454 /* Main.storyboard in Resources */ = {isa = PBXBuildFile; fileRef = C887EE741A80A3AE00E1F454 /* Main.storyboard */; };
		C887EE781A80A3AE00E1F454 /* Images.xcassets in Resources */ = {isa = PBXBuildFile; fileRef = C887EE771A80A3AE00E1F454 /* Images.xcassets */; };
		C887EE7B1A80A3AE00E1F454 /* LaunchScreen.xib in Resources */ = {isa = PBXBuildFile; fileRef = C887EE791A80A3AE00E1F454 /* LaunchScreen.xib */; };
		C887EE871A80A3AE00E1F454 /* RC_FilterDemoTests.m in Sources */ = {isa = PBXBuildFile; fileRef = C887EE861A80A3AE00E1F454 /* RC_FilterDemoTests.m */; };
/* End PBXBuildFile section */

/* Begin PBXContainerItemProxy section */
		C887EE811A80A3AE00E1F454 /* PBXContainerItemProxy */ = {
			isa = PBXContainerItemProxy;
			containerPortal = C887EE5F1A80A3AE00E1F454 /* Project object */;
			proxyType = 1;
			remoteGlobalIDString = C887EE661A80A3AE00E1F454;
			remoteInfo = RC_FilterDemo;
		};
/* End PBXContainerItemProxy section */

/* Begin PBXFileReference section */
		C887EE671A80A3AE00E1F454 /* RC_FilterDemo.app */ = {isa = PBXFileReference; explicitFileType = wrapper.application; includeInIndex = 0; path = RC_FilterDemo.app; sourceTree = BUILT_PRODUCTS_DIR; };
		C887EE6B1A80A3AE00E1F454 /* Info.plist */ = {isa = PBXFileReference; lastKnownFileType = text.plist.xml; path = Info.plist; sourceTree = "<group>"; };
		C887EE6C1A80A3AE00E1F454 /* main.m */ = {isa = PBXFileReference; lastKnownFileType = sourcecode.c.objc; path = main.m; sourceTree = "<group>"; };
		C887EE6E1A80A3AE00E1F454 /* AppDelegate.h */ = {isa = PBXFileReference; lastKnownFileType = sourcecode.c.h; path = AppDelegate.h; sourceTree = "<group>"; };
		C887EE6F1A80A3AE00E1F454 /* AppDelegate.m */ = {isa = PBXFileReference; lastKnownFileType = sourcecode.c.objc; path = AppDelegate.m; sourceTree = "<group>"; };
		C887EE711A80A3AE00E1F454 /* ViewController.h */ = {isa = PBXFileReference; lastKnownFileType = sourcecode.c.h; path = ViewController.h; sourceTree = "<group>"; };
		C887EE721A80A3AE00E1F454 /* ViewController.m */ = {isa = PBXFileReference; lastKnownFileType = sourcecode.c.objc; path = ViewController.m; sourceTree = "<group>"; };
		C887EE751A80A3AE00E1F454 /* Base */ = {isa = PBXFileReference; lastKnownFileType = file.storyboard; name = Base; path = Base.lproj/Main.storyboard; sourceTree = "<group>"; };
		C887EE771A80A3AE00E1F454 /* Images.xcassets */ = {isa = PBXFileReference; lastKnownFileType = folder.assetcatalog; path = Images.xcassets; sourceTree = "<group>"; };
		C887EE7A1A80A3AE00E1F454 /* Base */ = {isa = PBXFileReference; lastKnownFileType = file.xib; name = Base; path = Base.lproj/LaunchScreen.xib; sourceTree = "<group>"; };
		C887EE801A80A3AE00E1F454 /* RC_FilterDemoTests.xctest */ = {isa = PBXFileReference; explicitFileType = wrapper.cfbundle; includeInIndex = 0; path = RC_FilterDemoTests.xctest; sourceTree = BUILT_PRODUCTS_DIR; };
		C887EE851A80A3AE00E1F454 /* Info.plist */ = {isa = PBXFileReference; lastKnownFileType = text.plist.xml; path = Info.plist; sourceTree = "<group>"; };
		C887EE861A80A3AE00E1F454 /* RC_FilterDemoTests.m */ = {isa = PBXFileReference; lastKnownFileType = sourcecode.c.objc; path = RC_FilterDemoTests.m; sourceTree = "<group>"; };
/* End PBXFileReference section */

/* Begin PBXFrameworksBuildPhase section */
		C887EE641A80A3AE00E1F454 /* Frameworks */ = {
			isa = PBXFrameworksBuildPhase;
			buildActionMask = 2147483647;
			files = (
			);
			runOnlyForDeploymentPostprocessing = 0;
		};
		C887EE7D1A80A3AE00E1F454 /* Frameworks */ = {
			isa = PBXFrameworksBuildPhase;
			buildActionMask = 2147483647;
			files = (
			);
			runOnlyForDeploymentPostprocessing = 0;
		};
/* End PBXFrameworksBuildPhase section */

/* Begin PBXGroup section */
		C887EE5E1A80A3AE00E1F454 = {
			isa = PBXGroup;
			children = (
				C887EE691A80A3AE00E1F454 /* RC_FilterDemo */,
				C887EE831A80A3AE00E1F454 /* RC_FilterDemoTests */,
				C887EE681A80A3AE00E1F454 /* Products */,
			);
			sourceTree = "<group>";
		};
		C887EE681A80A3AE00E1F454 /* Products */ = {
			isa = PBXGroup;
			children = (
				C887EE671A80A3AE00E1F454 /* RC_FilterDemo.app */,
				C887EE801A80A3AE00E1F454 /* RC_FilterDemoTests.xctest */,
			);
			name = Products;
			sourceTree = "<group>";
		};
		C887EE691A80A3AE00E1F454 /* RC_FilterDemo */ = {
			isa = PBXGroup;
			children = (
				C887EE6E1A80A3AE00E1F454 /* AppDelegate.h */,
				C887EE6F1A80A3AE00E1F454 /* AppDelegate.m */,
				C887EE711A80A3AE00E1F454 /* ViewController.h */,
				C887EE721A80A3AE00E1F454 /* ViewController.m */,
				C887EE741A80A3AE00E1F454 /* Main.storyboard */,
				C887EE771A80A3AE00E1F454 /* Images.xcassets */,
				C887EE791A80A3AE00E1F454 /* LaunchScreen.xib */,
				C887EE6A1A80A3AE00E1F454 /* Supporting Files */,
			);
			path = RC_FilterDemo;
			sourceTree = "<group>";
		};
		C887EE6A1A80A3AE00E1F454 /* Supporting Files */ = {
			isa = PBXGroup;
			children = (
				C887EE6B1A80A3AE00E1F454 /* Info.plist */,
				C887EE6C1A80A3AE00E1F454 /* main.m */,
			);
			name = "Supporting Files";
			sourceTree = "<group>";
		};
		C887EE831A80A3AE00E1F454 /* RC_FilterDemoTests */ = {
			isa = PBXGroup;
			children = (
				C887EE861A80A3AE00E1F454 /* RC_FilterDemoTests.m */,
				C887EE841A80A3AE00E1F454 /* Supporting Files */,
			);
			path = RC_FilterDemoTests;
			sourceTree = "<group>";
		};
		C887EE841A80A3AE00E1F454 /* Supporting Files */ = {
			isa = PBXGroup;
			children = (
				C887EE851A80A3AE00E1F454 /* Info.plist */,
			);
			name = "Supporting Files";
			sourceTree = "<group>";
		};
/* End PBXGroup section */

/* Begin PBXNativeTarget section */
		C887EE661A80A3AE00E1F454 /* RC_FilterDemo */ = {
			isa = PBXNativeTarget;
			buildConfigurationList = C887EE8A1A80A3AE00E1F454 /* Build configuration list for PBXNativeTarget "RC_FilterDemo" */;
			buildPhases = (
				C887EE631A80A3AE00E1F454 /* Sources */,
				C887EE641A80A3AE00E1F454 /* Frameworks */,
				C887EE651A80A3AE00E1F454 /* Resources */,
			);
			buildRules = (
			);
			dependencies = (
			);
			name = RC_FilterDemo;
			productName = RC_FilterDemo;
			productReference = C887EE671A80A3AE00E1F454 /* RC_FilterDemo.app */;
			productType = "com.apple.product-type.application";
		};
		C887EE7F1A80A3AE00E1F454 /* RC_FilterDemoTests */ = {
			isa = PBXNativeTarget;
			buildConfigurationList = C887EE8D1A80A3AE00E1F454 /* Build configuration list for PBXNativeTarget "RC_FilterDemoTests" */;
			buildPhases = (
				C887EE7C1A80A3AE00E1F454 /* Sources */,
				C887EE7D1A80A3AE00E1F454 /* Frameworks */,
				C887EE7E1A80A3AE00E1F454 /* Resources */,
			);
			buildRules = (
			);
			dependencies = (
				C887EE821A80A3AE00E1F454 /* PBXTargetDependency */,
			);
			name = RC_FilterDemoTests;
			productName = RC_FilterDemoTests;
			productReference = C887EE801A80A3AE00E1F454 /* RC_FilterDemoTests.xctest */;
			productType = "com.apple.product-type.bundle.unit-test";
		};
/* End PBXNativeTarget section */

/* Begin PBXProject section */
		C887EE5F1A80A3AE00E1F454 /* Project object */ = {
			isa = PBXProject;
			attributes = {
				LastUpgradeCheck = 0610;
				ORGANIZATIONNAME = Chen.Liu;
				TargetAttributes = {
					C887EE661A80A3AE00E1F454 = {
						CreatedOnToolsVersion = 6.1.1;
					};
					C887EE7F1A80A3AE00E1F454 = {
						CreatedOnToolsVersion = 6.1.1;
						TestTargetID = C887EE661A80A3AE00E1F454;
					};
				};
			};
			buildConfigurationList = C887EE621A80A3AE00E1F454 /* Build configuration list for PBXProject "RC_FilterDemo" */;
			compatibilityVersion = "Xcode 3.2";
			developmentRegion = English;
			hasScannedForEncodings = 0;
			knownRegions = (
				en,
				Base,
			);
			mainGroup = C887EE5E1A80A3AE00E1F454;
			productRefGroup = C887EE681A80A3AE00E1F454 /* Products */;
			projectDirPath = "";
			projectRoot = "";
			targets = (
				C887EE661A80A3AE00E1F454 /* RC_FilterDemo */,
				C887EE7F1A80A3AE00E1F454 /* RC_FilterDemoTests */,
			);
		};
/* End PBXProject section */

/* Begin PBXResourcesBuildPhase section */
		C887EE651A80A3AE00E1F454 /* Resources */ = {
			isa = PBXResourcesBuildPhase;
			buildActionMask = 2147483647;
			files = (
				C887EE761A80A3AE00E1F454 /* Main.storyboard in Resources */,
				C887EE7B1A80A3AE00E1F454 /* LaunchScreen.xib in Resources */,
				C887EE781A80A3AE00E1F454 /* Images.xcassets in Resources */,
			);
			runOnlyForDeploymentPostprocessing = 0;
		};
		C887EE7E1A80A3AE00E1F454 /* Resources */ = {
			isa = PBXResourcesBuildPhase;
			buildActionMask = 2147483647;
			files = (
			);
			runOnlyForDeploymentPostprocessing = 0;
		};
/* End PBXResourcesBuildPhase section */

/* Begin PBXSourcesBuildPhase section */
		C887EE631A80A3AE00E1F454 /* Sources */ = {
			isa = PBXSourcesBuildPhase;
			buildActionMask = 2147483647;
			files = (
				C887EE731A80A3AE00E1F454 /* ViewController.m in Sources */,
				C887EE701A80A3AE00E1F454 /* AppDelegate.m in Sources */,
				C887EE6D1A80A3AE00E1F454 /* main.m in Sources */,
			);
			runOnlyForDeploymentPostprocessing = 0;
		};
		C887EE7C1A80A3AE00E1F454 /* Sources */ = {
			isa = PBXSourcesBuildPhase;
			buildActionMask = 2147483647;
			files = (
				C887EE871A80A3AE00E1F454 /* RC_FilterDemoTests.m in Sources */,
			);
			runOnlyForDeploymentPostprocessing = 0;
		};
/* End PBXSourcesBuildPhase section */

/* Begin PBXTargetDependency section */
		C887EE821A80A3AE00E1F454 /* PBXTargetDependency */ = {
			isa = PBXTargetDependency;
			target = C887EE661A80A3AE00E1F454 /* RC_FilterDemo */;
			targetProxy = C887EE811A80A3AE00E1F454 /* PBXContainerItemProxy */;
		};
/* End PBXTargetDependency section */

/* Begin PBXVariantGroup section */
		C887EE741A80A3AE00E1F454 /* Main.storyboard */ = {
			isa = PBXVariantGroup;
			children = (
				C887EE751A80A3AE00E1F454 /* Base */,
			);
			name = Main.storyboard;
			sourceTree = "<group>";
		};
		C887EE791A80A3AE00E1F454 /* LaunchScreen.xib */ = {
			isa = PBXVariantGroup;
			children = (
				C887EE7A1A80A3AE00E1F454 /* Base */,
			);
			name = LaunchScreen.xib;
			sourceTree = "<group>";
		};
/* End PBXVariantGroup section */

/* Begin XCBuildConfiguration section */
		C887EE881A80A3AE00E1F454 /* Debug */ = {
			isa = XCBuildConfiguration;
			buildSettings = {
				ALWAYS_SEARCH_USER_PATHS = NO;
				CLANG_CXX_LANGUAGE_STANDARD = "gnu++0x";
				CLANG_CXX_LIBRARY = "libc++";
				CLANG_ENABLE_MODULES = YES;
				CLANG_ENABLE_OBJC_ARC = YES;
				CLANG_WARN_BOOL_CONVERSION = YES;
				CLANG_WARN_CONSTANT_CONVERSION = YES;
				CLANG_WARN_DIRECT_OBJC_ISA_USAGE = YES_ERROR;
				CLANG_WARN_EMPTY_BODY = YES;
				CLANG_WARN_ENUM_CONVERSION = YES;
				CLANG_WARN_INT_CONVERSION = YES;
				CLANG_WARN_OBJC_ROOT_CLASS = YES_ERROR;
				CLANG_WARN_UNREACHABLE_CODE = YES;
				CLANG_WARN__DUPLICATE_METHOD_MATCH = YES;
				"CODE_SIGN_IDENTITY[sdk=iphoneos*]" = "iPhone Developer";
				COPY_PHASE_STRIP = NO;
				ENABLE_STRICT_OBJC_MSGSEND = YES;
				GCC_C_LANGUAGE_STANDARD = gnu99;
				GCC_DYNAMIC_NO_PIC = NO;
				GCC_OPTIMIZATION_LEVEL = 0;
				GCC_PREPROCESSOR_DEFINITIONS = (
					"DEBUG=1",
					"$(inherited)",
				);
				GCC_SYMBOLS_PRIVATE_EXTERN = NO;
				GCC_WARN_64_TO_32_BIT_CONVERSION = YES;
				GCC_WARN_ABOUT_RETURN_TYPE = YES_ERROR;
				GCC_WARN_UNDECLARED_SELECTOR = YES;
				GCC_WARN_UNINITIALIZED_AUTOS = YES_AGGRESSIVE;
				GCC_WARN_UNUSED_FUNCTION = YES;
				GCC_WARN_UNUSED_VARIABLE = YES;
				IPHONEOS_DEPLOYMENT_TARGET = 8.1;
				MTL_ENABLE_DEBUG_INFO = YES;
				ONLY_ACTIVE_ARCH = YES;
				SDKROOT = iphoneos;
			};
			name = Debug;
		};
		C887EE891A80A3AE00E1F454 /* Release */ = {
			isa = XCBuildConfiguration;
			buildSettings = {
				ALWAYS_SEARCH_USER_PATHS = NO;
				CLANG_CXX_LANGUAGE_STANDARD = "gnu++0x";
				CLANG_CXX_LIBRARY = "libc++";
				CLANG_ENABLE_MODULES = YES;
				CLANG_ENABLE_OBJC_ARC = YES;
				CLANG_WARN_BOOL_CONVERSION = YES;
				CLANG_WARN_CONSTANT_CONVERSION = YES;
				CLANG_WARN_DIRECT_OBJC_ISA_USAGE = YES_ERROR;
				CLANG_WARN_EMPTY_BODY = YES;
				CLANG_WARN_ENUM_CONVERSION = YES;
				CLANG_WARN_INT_CONVERSION = YES;
				CLANG_WARN_OBJC_ROOT_CLASS = YES_ERROR;
				CLANG_WARN_UNREACHABLE_CODE = YES;
				CLANG_WARN__DUPLICATE_METHOD_MATCH = YES;
				"CODE_SIGN_IDENTITY[sdk=iphoneos*]" = "iPhone Developer";
				COPY_PHASE_STRIP = YES;
				ENABLE_NS_ASSERTIONS = NO;
				ENABLE_STRICT_OBJC_MSGSEND = YES;
				GCC_C_LANGUAGE_STANDARD = gnu99;
				GCC_WARN_64_TO_32_BIT_CONVERSION = YES;
				GCC_WARN_ABOUT_RETURN_TYPE = YES_ERROR;
				GCC_WARN_UNDECLARED_SELECTOR = YES;
				GCC_WARN_UNINITIALIZED_AUTOS = YES_AGGRESSIVE;
				GCC_WARN_UNUSED_FUNCTION = YES;
				GCC_WARN_UNUSED_VARIABLE = YES;
				IPHONEOS_DEPLOYMENT_TARGET = 8.1;
				MTL_ENABLE_DEBUG_INFO = NO;
				SDKROOT = iphoneos;
				VALIDATE_PRODUCT = YES;
			};
			name = Release;
		};
		C887EE8B1A80A3AE00E1F454 /* Debug */ = {
			isa = XCBuildConfiguration;
			buildSettings = {
				ASSETCATALOG_COMPILER_APPICON_NAME = AppIcon;
				INFOPLIST_FILE = RC_FilterDemo/Info.plist;
				LD_RUNPATH_SEARCH_PATHS = "$(inherited) @executable_path/Frameworks";
				PRODUCT_NAME = "$(TARGET_NAME)";
			};
			name = Debug;
		};
		C887EE8C1A80A3AE00E1F454 /* Release */ = {
			isa = XCBuildConfiguration;
			buildSettings = {
				ASSETCATALOG_COMPILER_APPICON_NAME = AppIcon;
				INFOPLIST_FILE = RC_FilterDemo/Info.plist;
				LD_RUNPATH_SEARCH_PATHS = "$(inherited) @executable_path/Frameworks";
				PRODUCT_NAME = "$(TARGET_NAME)";
			};
			name = Release;
		};
		C887EE8E1A80A3AE00E1F454 /* Debug */ = {
			isa = XCBuildConfiguration;
			buildSettings = {
				BUNDLE_LOADER = "$(TEST_HOST)";
				FRAMEWORK_SEARCH_PATHS = (
					"$(SDKROOT)/Developer/Library/Frameworks",
					"$(inherited)",
				);
				GCC_PREPROCESSOR_DEFINITIONS = (
					"DEBUG=1",
					"$(inherited)",
				);
				INFOPLIST_FILE = RC_FilterDemoTests/Info.plist;
				LD_RUNPATH_SEARCH_PATHS = "$(inherited) @executable_path/Frameworks @loader_path/Frameworks";
				PRODUCT_NAME = "$(TARGET_NAME)";
				TEST_HOST = "$(BUILT_PRODUCTS_DIR)/RC_FilterDemo.app/RC_FilterDemo";
			};
			name = Debug;
		};
		C887EE8F1A80A3AE00E1F454 /* Release */ = {
			isa = XCBuildConfiguration;
			buildSettings = {
				BUNDLE_LOADER = "$(TEST_HOST)";
				FRAMEWORK_SEARCH_PATHS = (
					"$(SDKROOT)/Developer/Library/Frameworks",
					"$(inherited)",
				);
				INFOPLIST_FILE = RC_FilterDemoTests/Info.plist;
				LD_RUNPATH_SEARCH_PATHS = "$(inherited) @executable_path/Frameworks @loader_path/Frameworks";
				PRODUCT_NAME = "$(TARGET_NAME)";
				TEST_HOST = "$(BUILT_PRODUCTS_DIR)/RC_FilterDemo.app/RC_FilterDemo";
			};
			name = Release;
		};
/* End XCBuildConfiguration section */

/* Begin XCConfigurationList section */
		C887EE621A80A3AE00E1F454 /* Build configuration list for PBXProject "RC_FilterDemo" */ = {
			isa = XCConfigurationList;
			buildConfigurations = (
				C887EE881A80A3AE00E1F454 /* Debug */,
				C887EE891A80A3AE00E1F454 /* Release */,
			);
			defaultConfigurationIsVisible = 0;
			defaultConfigurationName = Release;
		};
		C887EE8A1A80A3AE00E1F454 /* Build configuration list for PBXNativeTarget "RC_FilterDemo" */ = {
			isa = XCConfigurationList;
			buildConfigurations = (
				C887EE8B1A80A3AE00E1F454 /* Debug */,
				C887EE8C1A80A3AE00E1F454 /* Release */,
			);
			defaultConfigurationIsVisible = 0;
		};
		C887EE8D1A80A3AE00E1F454 /* Build configuration list for PBXNativeTarget "RC_FilterDemoTests" */ = {
			isa = XCConfigurationList;
			buildConfigurations = (
				C887EE8E1A80A3AE00E1F454 /* Debug */,
				C887EE8F1A80A3AE00E1F454 /* Release */,
			);
			defaultConfigurationIsVisible = 0;
		};
/* End XCConfigurationList section */
	};
	rootObject = C887EE5F1A80A3AE00E1F454 /* Project object */;
}
